
Microsoft Visual Studio Solution File, Format Version 12.00
# Visual Studio Version 17
VisualStudioVersion = 17.0.32112.339
MinimumVisualStudioVersion = 10.0.40219.1
Project("{9A19103F-16F7-4668-BE54-9A1E7A4F7556}") = "spatialite_sample_console", "spatialite_sample_core\spatialite_sample_console.csproj", "{261B8EFC-E4FF-41D8-82C7-040FBAC452F7}"
EndProject
Project("{9A19103F-16F7-4668-BE54-9A1E7A4F7556}") = "spatialite_sample_lib", "spatialite_sample_lib\spatialite_sample_lib.csproj", "{141EC20E-755F-439F-BB15-772A137071BB}"
EndProject
Project("{2150E333-8FDC-42A3-9474-1A3956D46DE8}") = "doc", "doc", "{8867524C-C14F-4419-ACC3-F791EBCE4F54}"
	ProjectSection(SolutionItems) = preProject
		..\README.md = ..\README.md
	EndProjectSection
EndProject
Project("{FAE04EC0-301F-11D3-BF4B-00C04F79EFBC}") = "UWP", "forms\UWP\UWP.csproj", "{C9F6C0FD-0714-4DA4-A310-E7C582158077}"
EndProject
Project("{FAE04EC0-301F-11D3-BF4B-00C04F79EFBC}") = "android", "forms\android\android.csproj", "{7E4F67D7-E0C7-4752-8C25-06C877F4DDB1}"
EndProject
Project("{FAE04EC0-301F-11D3-BF4B-00C04F79EFBC}") = "iOS", "forms\iOS\iOS.csproj", "{16EEB5B8-549C-413B-B817-049E2968129D}"
EndProject
Project("{9A19103F-16F7-4668-BE54-9A1E7A4F7556}") = "forms", "forms\forms\forms.csproj", "{1C9551F0-5418-4983-8FE0-C343790A0CC5}"
EndProject
Project("{2150E333-8FDC-42A3-9474-1A3956D46DE8}") = "Xamarin.Forms", "Xamarin.Forms", "{42CC05A6-B494-4A2E-8B0C-FC949EE80A82}"
EndProject
Project("{2150E333-8FDC-42A3-9474-1A3956D46DE8}") = "Console", "Console", "{64F52EB3-C976-4752-A80C-09484D9CA818}"
EndProject
Global
	GlobalSection(SolutionConfigurationPlatforms) = preSolution
		Debug|Any CPU = Debug|Any CPU
		Debug|ARM = Debug|ARM
		Debug|iPhone = Debug|iPhone
		Debug|iPhoneSimulator = Debug|iPhoneSimulator
		Debug|x64 = Debug|x64
		Debug|x86 = Debug|x86
		Release|Any CPU = Release|Any CPU
		Release|ARM = Release|ARM
		Release|iPhone = Release|iPhone
		Release|iPhoneSimulator = Release|iPhoneSimulator
		Release|x64 = Release|x64
		Release|x86 = Release|x86
	EndGlobalSection
	GlobalSection(ProjectConfigurationPlatforms) = postSolution
		{261B8EFC-E4FF-41D8-82C7-040FBAC452F7}.Debug|Any CPU.ActiveCfg = Debug|Any CPU
		{261B8EFC-E4FF-41D8-82C7-040FBAC452F7}.Debug|Any CPU.Build.0 = Debug|Any CPU
		{261B8EFC-E4FF-41D8-82C7-040FBAC452F7}.Debug|ARM.ActiveCfg = Debug|Any CPU
		{261B8EFC-E4FF-41D8-82C7-040FBAC452F7}.Debug|ARM.Build.0 = Debug|Any CPU
		{261B8EFC-E4FF-41D8-82C7-040FBAC452F7}.Debug|iPhone.ActiveCfg = Debug|Any CPU
		{261B8EFC-E4FF-41D8-82C7-040FBAC452F7}.Debug|iPhone.Build.0 = Debug|Any CPU
		{261B8EFC-E4FF-41D8-82C7-040FBAC452F7}.Debug|iPhoneSimulator.ActiveCfg = Debug|Any CPU
		{261B8EFC-E4FF-41D8-82C7-040FBAC452F7}.Debug|iPhoneSimulator.Build.0 = Debug|Any CPU
		{261B8EFC-E4FF-41D8-82C7-040FBAC452F7}.Debug|x64.ActiveCfg = Debug|Any CPU
		{261B8EFC-E4FF-41D8-82C7-040FBAC452F7}.Debug|x64.Build.0 = Debug|Any CPU
		{261B8EFC-E4FF-41D8-82C7-040FBAC452F7}.Debug|x86.ActiveCfg = Debug|Any CPU
		{261B8EFC-E4FF-41D8-82C7-040FBAC452F7}.Debug|x86.Build.0 = Debug|Any CPU
		{261B8EFC-E4FF-41D8-82C7-040FBAC452F7}.Release|Any CPU.ActiveCfg = Release|Any CPU
		{261B8EFC-E4FF-41D8-82C7-040FBAC452F7}.Release|Any CPU.Build.0 = Release|Any CPU
		{261B8EFC-E4FF-41D8-82C7-040FBAC452F7}.Release|ARM.ActiveCfg = Release|Any CPU
		{261B8EFC-E4FF-41D8-82C7-040FBAC452F7}.Release|ARM.Build.0 = Release|Any CPU
		{261B8EFC-E4FF-41D8-82C7-040FBAC452F7}.Release|iPhone.ActiveCfg = Release|Any CPU
		{261B8EFC-E4FF-41D8-82C7-040FBAC452F7}.Release|iPhone.Build.0 = Release|Any CPU
		{261B8EFC-E4FF-41D8-82C7-040FBAC452F7}.Release|iPhoneSimulator.ActiveCfg = Release|Any CPU
		{261B8EFC-E4FF-41D8-82C7-040FBAC452F7}.Release|iPhoneSimulator.Build.0 = Release|Any CPU
		{261B8EFC-E4FF-41D8-82C7-040FBAC452F7}.Release|x64.ActiveCfg = Release|Any CPU
		{261B8EFC-E4FF-41D8-82C7-040FBAC452F7}.Release|x64.Build.0 = Release|Any CPU
		{261B8EFC-E4FF-41D8-82C7-040FBAC452F7}.Release|x86.ActiveCfg = Release|Any CPU
		{261B8EFC-E4FF-41D8-82C7-040FBAC452F7}.Release|x86.Build.0 = Release|Any CPU
		{141EC20E-755F-439F-BB15-772A137071BB}.Debug|Any CPU.ActiveCfg = Debug|x86
		{141EC20E-755F-439F-BB15-772A137071BB}.Debug|ARM.ActiveCfg = Debug|x86
		{141EC20E-755F-439F-BB15-772A137071BB}.Debug|iPhone.ActiveCfg = Debug|x86
		{141EC20E-755F-439F-BB15-772A137071BB}.Debug|iPhoneSimulator.ActiveCfg = Debug|x86
		{141EC20E-755F-439F-BB15-772A137071BB}.Debug|x64.ActiveCfg = Debug|x86
		{141EC20E-755F-439F-BB15-772A137071BB}.Debug|x86.ActiveCfg = Debug|x86
		{141EC20E-755F-439F-BB15-772A137071BB}.Debug|x86.Build.0 = Debug|x86
		{141EC20E-755F-439F-BB15-772A137071BB}.Release|Any CPU.ActiveCfg = Release|x86
		{141EC20E-755F-439F-BB15-772A137071BB}.Release|ARM.ActiveCfg = Release|x86
		{141EC20E-755F-439F-BB15-772A137071BB}.Release|iPhone.ActiveCfg = Release|x86
		{141EC20E-755F-439F-BB15-772A137071BB}.Release|iPhoneSimulator.ActiveCfg = Release|x86
		{141EC20E-755F-439F-BB15-772A137071BB}.Release|x64.ActiveCfg = Release|x86
		{141EC20E-755F-439F-BB15-772A137071BB}.Release|x86.ActiveCfg = Release|x86
		{141EC20E-755F-439F-BB15-772A137071BB}.Release|x86.Build.0 = Release|x86
		{C9F6C0FD-0714-4DA4-A310-E7C582158077}.Debug|Any CPU.ActiveCfg = Debug|x86
		{C9F6C0FD-0714-4DA4-A310-E7C582158077}.Debug|ARM.ActiveCfg = Debug|ARM
		{C9F6C0FD-0714-4DA4-A310-E7C582158077}.Debug|ARM.Build.0 = Debug|ARM
		{C9F6C0FD-0714-4DA4-A310-E7C582158077}.Debug|ARM.Deploy.0 = Debug|ARM
		{C9F6C0FD-0714-4DA4-A310-E7C582158077}.Debug|iPhone.ActiveCfg = Debug|x86
		{C9F6C0FD-0714-4DA4-A310-E7C582158077}.Debug|iPhoneSimulator.ActiveCfg = Debug|x86
		{C9F6C0FD-0714-4DA4-A310-E7C582158077}.Debug|x64.ActiveCfg = Debug|x64
		{C9F6C0FD-0714-4DA4-A310-E7C582158077}.Debug|x64.Build.0 = Debug|x64
		{C9F6C0FD-0714-4DA4-A310-E7C582158077}.Debug|x64.Deploy.0 = Debug|x64
		{C9F6C0FD-0714-4DA4-A310-E7C582158077}.Debug|x86.ActiveCfg = Debug|x86
		{C9F6C0FD-0714-4DA4-A310-E7C582158077}.Debug|x86.Build.0 = Debug|x86
		{C9F6C0FD-0714-4DA4-A310-E7C582158077}.Debug|x86.Deploy.0 = Debug|x86
		{C9F6C0FD-0714-4DA4-A310-E7C582158077}.Release|Any CPU.ActiveCfg = Release|x86
		{C9F6C0FD-0714-4DA4-A310-E7C582158077}.Release|ARM.ActiveCfg = Release|ARM
		{C9F6C0FD-0714-4DA4-A310-E7C582158077}.Release|ARM.Build.0 = Release|ARM
		{C9F6C0FD-0714-4DA4-A310-E7C582158077}.Release|ARM.Deploy.0 = Release|ARM
		{C9F6C0FD-0714-4DA4-A310-E7C582158077}.Release|iPhone.ActiveCfg = Release|x86
		{C9F6C0FD-0714-4DA4-A310-E7C582158077}.Release|iPhoneSimulator.ActiveCfg = Release|x86
		{C9F6C0FD-0714-4DA4-A310-E7C582158077}.Release|x64.ActiveCfg = Release|x64
		{C9F6C0FD-0714-4DA4-A310-E7C582158077}.Release|x64.Build.0 = Release|x64
		{C9F6C0FD-0714-4DA4-A310-E7C582158077}.Release|x64.Deploy.0 = Release|x64
		{C9F6C0FD-0714-4DA4-A310-E7C582158077}.Release|x86.ActiveCfg = Release|x86
		{C9F6C0FD-0714-4DA4-A310-E7C582158077}.Release|x86.Build.0 = Release|x86
		{C9F6C0FD-0714-4DA4-A310-E7C582158077}.Release|x86.Deploy.0 = Release|x86
		{7E4F67D7-E0C7-4752-8C25-06C877F4DDB1}.Debug|Any CPU.ActiveCfg = Debug|Any CPU
		{7E4F67D7-E0C7-4752-8C25-06C877F4DDB1}.Debug|Any CPU.Build.0 = Debug|Any CPU
		{7E4F67D7-E0C7-4752-8C25-06C877F4DDB1}.Debug|Any CPU.Deploy.0 = Debug|Any CPU
		{7E4F67D7-E0C7-4752-8C25-06C877F4DDB1}.Debug|ARM.ActiveCfg = Debug|Any CPU
		{7E4F67D7-E0C7-4752-8C25-06C877F4DDB1}.Debug|ARM.Build.0 = Debug|Any CPU
		{7E4F67D7-E0C7-4752-8C25-06C877F4DDB1}.Debug|ARM.Deploy.0 = Debug|Any CPU
		{7E4F67D7-E0C7-4752-8C25-06C877F4DDB1}.Debug|iPhone.ActiveCfg = Debug|Any CPU
		{7E4F67D7-E0C7-4752-8C25-06C877F4DDB1}.Debug|iPhone.Build.0 = Debug|Any CPU
		{7E4F67D7-E0C7-4752-8C25-06C877F4DDB1}.Debug|iPhone.Deploy.0 = Debug|Any CPU
		{7E4F67D7-E0C7-4752-8C25-06C877F4DDB1}.Debug|iPhoneSimulator.ActiveCfg = Debug|Any CPU
		{7E4F67D7-E0C7-4752-8C25-06C877F4DDB1}.Debug|iPhoneSimulator.Build.0 = Debug|Any CPU
		{7E4F67D7-E0C7-4752-8C25-06C877F4DDB1}.Debug|iPhoneSimulator.Deploy.0 = Debug|Any CPU
		{7E4F67D7-E0C7-4752-8C25-06C877F4DDB1}.Debug|x64.ActiveCfg = Debug|Any CPU
		{7E4F67D7-E0C7-4752-8C25-06C877F4DDB1}.Debug|x64.Build.0 = Debug|Any CPU
		{7E4F67D7-E0C7-4752-8C25-06C877F4DDB1}.Debug|x64.Deploy.0 = Debug|Any CPU
		{7E4F67D7-E0C7-4752-8C25-06C877F4DDB1}.Debug|x86.ActiveCfg = Debug|Any CPU
		{7E4F67D7-E0C7-4752-8C25-06C877F4DDB1}.Debug|x86.Build.0 = Debug|Any CPU
		{7E4F67D7-E0C7-4752-8C25-06C877F4DDB1}.Debug|x86.Deploy.0 = Debug|Any CPU
		{7E4F67D7-E0C7-4752-8C25-06C877F4DDB1}.Release|Any CPU.ActiveCfg = Release|Any CPU
		{7E4F67D7-E0C7-4752-8C25-06C877F4DDB1}.Release|Any CPU.Build.0 = Release|Any CPU
		{7E4F67D7-E0C7-4752-8C25-06C877F4DDB1}.Release|Any CPU.Deploy.0 = Release|Any CPU
		{7E4F67D7-E0C7-4752-8C25-06C877F4DDB1}.Release|ARM.ActiveCfg = Release|Any CPU
		{7E4F67D7-E0C7-4752-8C25-06C877F4DDB1}.Release|ARM.Build.0 = Release|Any CPU
		{7E4F67D7-E0C7-4752-8C25-06C877F4DDB1}.Release|ARM.Deploy.0 = Release|Any CPU
		{7E4F67D7-E0C7-4752-8C25-06C877F4DDB1}.Release|iPhone.ActiveCfg = Release|Any CPU
		{7E4F67D7-E0C7-4752-8C25-06C877F4DDB1}.Release|iPhone.Build.0 = Release|Any CPU
		{7E4F67D7-E0C7-4752-8C25-06C877F4DDB1}.Release|iPhone.Deploy.0 = Release|Any CPU
		{7E4F67D7-E0C7-4752-8C25-06C877F4DDB1}.Release|iPhoneSimulator.ActiveCfg = Release|Any CPU
		{7E4F67D7-E0C7-4752-8C25-06C877F4DDB1}.Release|iPhoneSimulator.Build.0 = Release|Any CPU
		{7E4F67D7-E0C7-4752-8C25-06C877F4DDB1}.Release|iPhoneSimulator.Deploy.0 = Release|Any CPU
		{7E4F67D7-E0C7-4752-8C25-06C877F4DDB1}.Release|x64.ActiveCfg = Release|Any CPU
		{7E4F67D7-E0C7-4752-8C25-06C877F4DDB1}.Release|x64.Build.0 = Release|Any CPU
		{7E4F67D7-E0C7-4752-8C25-06C877F4DDB1}.Release|x64.Deploy.0 = Release|Any CPU
		{7E4F67D7-E0C7-4752-8C25-06C877F4DDB1}.Release|x86.ActiveCfg = Release|Any CPU
		{7E4F67D7-E0C7-4752-8C25-06C877F4DDB1}.Release|x86.Build.0 = Release|Any CPU
		{7E4F67D7-E0C7-4752-8C25-06C877F4DDB1}.Release|x86.Deploy.0 = Release|Any CPU
		{16EEB5B8-549C-413B-B817-049E2968129D}.Debug|Any CPU.ActiveCfg = Debug|iPhone
		{16EEB5B8-549C-413B-B817-049E2968129D}.Debug|ARM.ActiveCfg = Debug|iPhone
		{16EEB5B8-549C-413B-B817-049E2968129D}.Debug|iPhone.ActiveCfg = Debug|iPhone
		{16EEB5B8-549C-413B-B817-049E2968129D}.Debug|iPhone.Build.0 = Debug|iPhone
		{16EEB5B8-549C-413B-B817-049E2968129D}.Debug|iPhone.Deploy.0 = Debug|iPhone
		{16EEB5B8-549C-413B-B817-049E2968129D}.Debug|iPhoneSimulator.ActiveCfg = Debug|iPhoneSimulator
		{16EEB5B8-549C-413B-B817-049E2968129D}.Debug|iPhoneSimulator.Build.0 = Debug|iPhoneSimulator
		{16EEB5B8-549C-413B-B817-049E2968129D}.Debug|x64.ActiveCfg = Debug|iPhone
		{16EEB5B8-549C-413B-B817-049E2968129D}.Debug|x86.ActiveCfg = Debug|iPhone
		{16EEB5B8-549C-413B-B817-049E2968129D}.Release|Any CPU.ActiveCfg = Release|iPhone
		{16EEB5B8-549C-413B-B817-049E2968129D}.Release|ARM.ActiveCfg = Release|iPhone
		{16EEB5B8-549C-413B-B817-049E2968129D}.Release|iPhone.ActiveCfg = Release|iPhone
		{16EEB5B8-549C-413B-B817-049E2968129D}.Release|iPhone.Build.0 = Release|iPhone
		{16EEB5B8-549C-413B-B817-049E2968129D}.Release|iPhoneSimulator.ActiveCfg = Release|iPhoneSimulator
		{16EEB5B8-549C-413B-B817-049E2968129D}.Release|iPhoneSimulator.Build.0 = Release|iPhoneSimulator
		{16EEB5B8-549C-413B-B817-049E2968129D}.Release|x64.ActiveCfg = Release|iPhone
		{16EEB5B8-549C-413B-B817-049E2968129D}.Release|x86.ActiveCfg = Release|iPhone
		{1C9551F0-5418-4983-8FE0-C343790A0CC5}.Debug|Any CPU.ActiveCfg = Debug|Any CPU
		{1C9551F0-5418-4983-8FE0-C343790A0CC5}.Debug|Any CPU.Build.0 = Debug|Any CPU
		{1C9551F0-5418-4983-8FE0-C343790A0CC5}.Debug|ARM.ActiveCfg = Debug|Any CPU
		{1C9551F0-5418-4983-8FE0-C343790A0CC5}.Debug|ARM.Build.0 = Debug|Any CPU
		{1C9551F0-5418-4983-8FE0-C343790A0CC5}.Debug|iPhone.ActiveCfg = Debug|Any CPU
		{1C9551F0-5418-4983-8FE0-C343790A0CC5}.Debug|iPhone.Build.0 = Debug|Any CPU
		{1C9551F0-5418-4983-8FE0-C343790A0CC5}.Debug|iPhoneSimulator.ActiveCfg = Debug|Any CPU
		{1C9551F0-5418-4983-8FE0-C343790A0CC5}.Debug|iPhoneSimulator.Build.0 = Debug|Any CPU
		{1C9551F0-5418-4983-8FE0-C343790A0CC5}.Debug|x64.ActiveCfg = Debug|Any CPU
		{1C9551F0-5418-4983-8FE0-C343790A0CC5}.Debug|x64.Build.0 = Debug|Any CPU
		{1C9551F0-5418-4983-8FE0-C343790A0CC5}.Debug|x86.ActiveCfg = Debug|Any CPU
		{1C9551F0-5418-4983-8FE0-C343790A0CC5}.Debug|x86.Build.0 = Debug|Any CPU
		{1C9551F0-5418-4983-8FE0-C343790A0CC5}.Release|Any CPU.ActiveCfg = Release|Any CPU
		{1C9551F0-5418-4983-8FE0-C343790A0CC5}.Release|Any CPU.Build.0 = Release|Any CPU
		{1C9551F0-5418-4983-8FE0-C343790A0CC5}.Release|ARM.ActiveCfg = Release|Any CPU
		{1C9551F0-5418-4983-8FE0-C343790A0CC5}.Release|ARM.Build.0 = Release|Any CPU
		{1C9551F0-5418-4983-8FE0-C343790A0CC5}.Release|iPhone.ActiveCfg = Release|Any CPU
		{1C9551F0-5418-4983-8FE0-C343790A0CC5}.Release|iPhone.Build.0 = Release|Any CPU
		{1C9551F0-5418-4983-8FE0-C343790A0CC5}.Release|iPhoneSimulator.ActiveCfg = Release|Any CPU
		{1C9551F0-5418-4983-8FE0-C343790A0CC5}.Release|iPhoneSimulator.Build.0 = Release|Any CPU
		{1C9551F0-5418-4983-8FE0-C343790A0CC5}.Release|x64.ActiveCfg = Release|Any CPU
		{1C9551F0-5418-4983-8FE0-C343790A0CC5}.Release|x64.Build.0 = Release|Any CPU
		{1C9551F0-5418-4983-8FE0-C343790A0CC5}.Release|x86.ActiveCfg = Release|Any CPU
		{1C9551F0-5418-4983-8FE0-C343790A0CC5}.Release|x86.Build.0 = Release|Any CPU
	EndGlobalSection
	GlobalSection(SolutionProperties) = preSolution
		HideSolutionNode = FALSE
	EndGlobalSection
	GlobalSection(NestedProjects) = preSolution
		{261B8EFC-E4FF-41D8-82C7-040FBAC452F7} = {64F52EB3-C976-4752-A80C-09484D9CA818}
		{C9F6C0FD-0714-4DA4-A310-E7C582158077} = {42CC05A6-B494-4A2E-8B0C-FC949EE80A82}
		{7E4F67D7-E0C7-4752-8C25-06C877F4DDB1} = {42CC05A6-B494-4A2E-8B0C-FC949EE80A82}
		{16EEB5B8-549C-413B-B817-049E2968129D} = {42CC05A6-B494-4A2E-8B0C-FC949EE80A82}
		{1C9551F0-5418-4983-8FE0-C343790A0CC5} = {42CC05A6-B494-4A2E-8B0C-FC949EE80A82}
	EndGlobalSection
	GlobalSection(ExtensibilityGlobals) = postSolution
		SolutionGuid = {FDCD682C-D3DB-4703-B5F4-08B5B26C5B67}
	EndGlobalSection
EndGlobal
